
Microsoft Visual Studio Solution File, Format Version 12.00
# Visual Studio 15
VisualStudioVersion = 15.0.26403.0
MinimumVisualStudioVersion = 10.0.40219.1
Project("{FAE04EC0-301F-11D3-BF4B-00C04F79EFBC}") = "XamarinCompanyFunctions.Android", "XamarinCompanyFunctions\XamarinCompanyFunctions.Android\XamarinCompanyFunctions.Android.csproj", "{8882F799-ABBB-4F3C-80B1-66FDDF5DF55B}"
EndProject
Project("{FAE04EC0-301F-11D3-BF4B-00C04F79EFBC}") = "XamarinCompanyFunctions", "XamarinCompanyFunctions\XamarinCompanyFunctions\XamarinCompanyFunctions.csproj", "{05668D51-7D48-47A3-9FB3-605C6AF3CC05}"
EndProject
Project("{FAE04EC0-301F-11D3-BF4B-00C04F79EFBC}") = "XamarinCompanyFunctions.UWP", "XamarinCompanyFunctions\XamarinCompanyFunctions.UWP\XamarinCompanyFunctions.UWP.csproj", "{4EB5AA84-D5BB-468C-98EB-72B9ABE2CDA3}"
EndProject
Project("{FAE04EC0-301F-11D3-BF4B-00C04F79EFBC}") = "XamarinCompanyFunctions.iOS", "XamarinCompanyFunctions\XamarinCompanyFunctions.iOS\XamarinCompanyFunctions.iOS.csproj", "{1D3C8351-3A32-4E2E-A3F3-D785E7CB5EF0}"
EndProject
Global
	GlobalSection(SolutionConfigurationPlatforms) = preSolution
		Ad-Hoc|Any CPU = Ad-Hoc|Any CPU
		Ad-Hoc|ARM = Ad-Hoc|ARM
		Ad-Hoc|iPhone = Ad-Hoc|iPhone
		Ad-Hoc|iPhoneSimulator = Ad-Hoc|iPhoneSimulator
		Ad-Hoc|x64 = Ad-Hoc|x64
		Ad-Hoc|x86 = Ad-Hoc|x86
		AppStore|Any CPU = AppStore|Any CPU
		AppStore|ARM = AppStore|ARM
		AppStore|iPhone = AppStore|iPhone
		AppStore|iPhoneSimulator = AppStore|iPhoneSimulator
		AppStore|x64 = AppStore|x64
		AppStore|x86 = AppStore|x86
		Debug|Any CPU = Debug|Any CPU
		Debug|ARM = Debug|ARM
		Debug|iPhone = Debug|iPhone
		Debug|iPhoneSimulator = Debug|iPhoneSimulator
		Debug|x64 = Debug|x64
		Debug|x86 = Debug|x86
		Release|Any CPU = Release|Any CPU
		Release|ARM = Release|ARM
		Release|iPhone = Release|iPhone
		Release|iPhoneSimulator = Release|iPhoneSimulator
		Release|x64 = Release|x64
		Release|x86 = Release|x86
	EndGlobalSection
	GlobalSection(ProjectConfigurationPlatforms) = postSolution
		{8882F799-ABBB-4F3C-80B1-66FDDF5DF55B}.Ad-Hoc|Any CPU.ActiveCfg = Release|Any CPU
		{8882F799-ABBB-4F3C-80B1-66FDDF5DF55B}.Ad-Hoc|Any CPU.Build.0 = Release|Any CPU
		{8882F799-ABBB-4F3C-80B1-66FDDF5DF55B}.Ad-Hoc|Any CPU.Deploy.0 = Release|Any CPU
		{8882F799-ABBB-4F3C-80B1-66FDDF5DF55B}.Ad-Hoc|ARM.ActiveCfg = Release|Any CPU
		{8882F799-ABBB-4F3C-80B1-66FDDF5DF55B}.Ad-Hoc|ARM.Build.0 = Release|Any CPU
		{8882F799-ABBB-4F3C-80B1-66FDDF5DF55B}.Ad-Hoc|ARM.Deploy.0 = Release|Any CPU
		{8882F799-ABBB-4F3C-80B1-66FDDF5DF55B}.Ad-Hoc|iPhone.ActiveCfg = Release|Any CPU
		{8882F799-ABBB-4F3C-80B1-66FDDF5DF55B}.Ad-Hoc|iPhone.Build.0 = Release|Any CPU
		{8882F799-ABBB-4F3C-80B1-66FDDF5DF55B}.Ad-Hoc|iPhone.Deploy.0 = Release|Any CPU
		{8882F799-ABBB-4F3C-80B1-66FDDF5DF55B}.Ad-Hoc|iPhoneSimulator.ActiveCfg = Release|Any CPU
		{8882F799-ABBB-4F3C-80B1-66FDDF5DF55B}.Ad-Hoc|iPhoneSimulator.Build.0 = Release|Any CPU
		{8882F799-ABBB-4F3C-80B1-66FDDF5DF55B}.Ad-Hoc|iPhoneSimulator.Deploy.0 = Release|Any CPU
		{8882F799-ABBB-4F3C-80B1-66FDDF5DF55B}.Ad-Hoc|x64.ActiveCfg = Release|Any CPU
		{8882F799-ABBB-4F3C-80B1-66FDDF5DF55B}.Ad-Hoc|x64.Build.0 = Release|Any CPU
		{8882F799-ABBB-4F3C-80B1-66FDDF5DF55B}.Ad-Hoc|x64.Deploy.0 = Release|Any CPU
		{8882F799-ABBB-4F3C-80B1-66FDDF5DF55B}.Ad-Hoc|x86.ActiveCfg = Release|Any CPU
		{8882F799-ABBB-4F3C-80B1-66FDDF5DF55B}.Ad-Hoc|x86.Build.0 = Release|Any CPU
		{8882F799-ABBB-4F3C-80B1-66FDDF5DF55B}.Ad-Hoc|x86.Deploy.0 = Release|Any CPU
		{8882F799-ABBB-4F3C-80B1-66FDDF5DF55B}.AppStore|Any CPU.ActiveCfg = Release|Any CPU
		{8882F799-ABBB-4F3C-80B1-66FDDF5DF55B}.AppStore|Any CPU.Build.0 = Release|Any CPU
		{8882F799-ABBB-4F3C-80B1-66FDDF5DF55B}.AppStore|Any CPU.Deploy.0 = Release|Any CPU
		{8882F799-ABBB-4F3C-80B1-66FDDF5DF55B}.AppStore|ARM.ActiveCfg = Release|Any CPU
		{8882F799-ABBB-4F3C-80B1-66FDDF5DF55B}.AppStore|ARM.Build.0 = Release|Any CPU
		{8882F799-ABBB-4F3C-80B1-66FDDF5DF55B}.AppStore|ARM.Deploy.0 = Release|Any CPU
		{8882F799-ABBB-4F3C-80B1-66FDDF5DF55B}.AppStore|iPhone.ActiveCfg = Release|Any CPU
		{8882F799-ABBB-4F3C-80B1-66FDDF5DF55B}.AppStore|iPhone.Build.0 = Release|Any CPU
		{8882F799-ABBB-4F3C-80B1-66FDDF5DF55B}.AppStore|iPhone.Deploy.0 = Release|Any CPU
		{8882F799-ABBB-4F3C-80B1-66FDDF5DF55B}.AppStore|iPhoneSimulator.ActiveCfg = Release|Any CPU
		{8882F799-ABBB-4F3C-80B1-66FDDF5DF55B}.AppStore|iPhoneSimulator.Build.0 = Release|Any CPU
		{8882F799-ABBB-4F3C-80B1-66FDDF5DF55B}.AppStore|iPhoneSimulator.Deploy.0 = Release|Any CPU
		{8882F799-ABBB-4F3C-80B1-66FDDF5DF55B}.AppStore|x64.ActiveCfg = Release|Any CPU
		{8882F799-ABBB-4F3C-80B1-66FDDF5DF55B}.AppStore|x64.Build.0 = Release|Any CPU
		{8882F799-ABBB-4F3C-80B1-66FDDF5DF55B}.AppStore|x64.Deploy.0 = Release|Any CPU
		{8882F799-ABBB-4F3C-80B1-66FDDF5DF55B}.AppStore|x86.ActiveCfg = Release|Any CPU
		{8882F799-ABBB-4F3C-80B1-66FDDF5DF55B}.AppStore|x86.Build.0 = Release|Any CPU
		{8882F799-ABBB-4F3C-80B1-66FDDF5DF55B}.AppStore|x86.Deploy.0 = Release|Any CPU
		{8882F799-ABBB-4F3C-80B1-66FDDF5DF55B}.Debug|Any CPU.ActiveCfg = Debug|Any CPU
		{8882F799-ABBB-4F3C-80B1-66FDDF5DF55B}.Debug|Any CPU.Build.0 = Debug|Any CPU
		{8882F799-ABBB-4F3C-80B1-66FDDF5DF55B}.Debug|Any CPU.Deploy.0 = Debug|Any CPU
		{8882F799-ABBB-4F3C-80B1-66FDDF5DF55B}.Debug|ARM.ActiveCfg = Debug|Any CPU
		{8882F799-ABBB-4F3C-80B1-66FDDF5DF55B}.Debug|ARM.Build.0 = Debug|Any CPU
		{8882F799-ABBB-4F3C-80B1-66FDDF5DF55B}.Debug|ARM.Deploy.0 = Debug|Any CPU
		{8882F799-ABBB-4F3C-80B1-66FDDF5DF55B}.Debug|iPhone.ActiveCfg = Debug|Any CPU
		{8882F799-ABBB-4F3C-80B1-66FDDF5DF55B}.Debug|iPhone.Build.0 = Debug|Any CPU
		{8882F799-ABBB-4F3C-80B1-66FDDF5DF55B}.Debug|iPhone.Deploy.0 = Debug|Any CPU
		{8882F799-ABBB-4F3C-80B1-66FDDF5DF55B}.Debug|iPhoneSimulator.ActiveCfg = Debug|Any CPU
		{8882F799-ABBB-4F3C-80B1-66FDDF5DF55B}.Debug|iPhoneSimulator.Build.0 = Debug|Any CPU
		{8882F799-ABBB-4F3C-80B1-66FDDF5DF55B}.Debug|iPhoneSimulator.Deploy.0 = Debug|Any CPU
		{8882F799-ABBB-4F3C-80B1-66FDDF5DF55B}.Debug|x64.ActiveCfg = Debug|Any CPU
		{8882F799-ABBB-4F3C-80B1-66FDDF5DF55B}.Debug|x64.Build.0 = Debug|Any CPU
		{8882F799-ABBB-4F3C-80B1-66FDDF5DF55B}.Debug|x64.Deploy.0 = Debug|Any CPU
		{8882F799-ABBB-4F3C-80B1-66FDDF5DF55B}.Debug|x86.ActiveCfg = Debug|Any CPU
		{8882F799-ABBB-4F3C-80B1-66FDDF5DF55B}.Debug|x86.Build.0 = Debug|Any CPU
		{8882F799-ABBB-4F3C-80B1-66FDDF5DF55B}.Debug|x86.Deploy.0 = Debug|Any CPU
		{8882F799-ABBB-4F3C-80B1-66FDDF5DF55B}.Release|Any CPU.ActiveCfg = Release|Any CPU
		{8882F799-ABBB-4F3C-80B1-66FDDF5DF55B}.Release|Any CPU.Build.0 = Release|Any CPU
		{8882F799-ABBB-4F3C-80B1-66FDDF5DF55B}.Release|Any CPU.Deploy.0 = Release|Any CPU
		{8882F799-ABBB-4F3C-80B1-66FDDF5DF55B}.Release|ARM.ActiveCfg = Release|Any CPU
		{8882F799-ABBB-4F3C-80B1-66FDDF5DF55B}.Release|ARM.Build.0 = Release|Any CPU
		{8882F799-ABBB-4F3C-80B1-66FDDF5DF55B}.Release|ARM.Deploy.0 = Release|Any CPU
		{8882F799-ABBB-4F3C-80B1-66FDDF5DF55B}.Release|iPhone.ActiveCfg = Release|Any CPU
		{8882F799-ABBB-4F3C-80B1-66FDDF5DF55B}.Release|iPhone.Build.0 = Release|Any CPU
		{8882F799-ABBB-4F3C-80B1-66FDDF5DF55B}.Release|iPhone.Deploy.0 = Release|Any CPU
		{8882F799-ABBB-4F3C-80B1-66FDDF5DF55B}.Release|iPhoneSimulator.ActiveCfg = Release|Any CPU
		{8882F799-ABBB-4F3C-80B1-66FDDF5DF55B}.Release|iPhoneSimulator.Build.0 = Release|Any CPU
		{8882F799-ABBB-4F3C-80B1-66FDDF5DF55B}.Release|iPhoneSimulator.Deploy.0 = Release|Any CPU
		{8882F799-ABBB-4F3C-80B1-66FDDF5DF55B}.Release|x64.ActiveCfg = Release|Any CPU
		{8882F799-ABBB-4F3C-80B1-66FDDF5DF55B}.Release|x64.Build.0 = Release|Any CPU
		{8882F799-ABBB-4F3C-80B1-66FDDF5DF55B}.Release|x64.Deploy.0 = Release|Any CPU
		{8882F799-ABBB-4F3C-80B1-66FDDF5DF55B}.Release|x86.ActiveCfg = Release|Any CPU
		{8882F799-ABBB-4F3C-80B1-66FDDF5DF55B}.Release|x86.Build.0 = Release|Any CPU
		{8882F799-ABBB-4F3C-80B1-66FDDF5DF55B}.Release|x86.Deploy.0 = Release|Any CPU
		{05668D51-7D48-47A3-9FB3-605C6AF3CC05}.Ad-Hoc|Any CPU.ActiveCfg = Release|Any CPU
		{05668D51-7D48-47A3-9FB3-605C6AF3CC05}.Ad-Hoc|Any CPU.Build.0 = Release|Any CPU
		{05668D51-7D48-47A3-9FB3-605C6AF3CC05}.Ad-Hoc|ARM.ActiveCfg = Release|Any CPU
		{05668D51-7D48-47A3-9FB3-605C6AF3CC05}.Ad-Hoc|ARM.Build.0 = Release|Any CPU
		{05668D51-7D48-47A3-9FB3-605C6AF3CC05}.Ad-Hoc|iPhone.ActiveCfg = Release|Any CPU
		{05668D51-7D48-47A3-9FB3-605C6AF3CC05}.Ad-Hoc|iPhone.Build.0 = Release|Any CPU
		{05668D51-7D48-47A3-9FB3-605C6AF3CC05}.Ad-Hoc|iPhoneSimulator.ActiveCfg = Release|Any CPU
		{05668D51-7D48-47A3-9FB3-605C6AF3CC05}.Ad-Hoc|iPhoneSimulator.Build.0 = Release|Any CPU
		{05668D51-7D48-47A3-9FB3-605C6AF3CC05}.Ad-Hoc|x64.ActiveCfg = Release|Any CPU
		{05668D51-7D48-47A3-9FB3-605C6AF3CC05}.Ad-Hoc|x64.Build.0 = Release|Any CPU
		{05668D51-7D48-47A3-9FB3-605C6AF3CC05}.Ad-Hoc|x86.ActiveCfg = Release|Any CPU
		{05668D51-7D48-47A3-9FB3-605C6AF3CC05}.Ad-Hoc|x86.Build.0 = Release|Any CPU
		{05668D51-7D48-47A3-9FB3-605C6AF3CC05}.AppStore|Any CPU.ActiveCfg = Release|Any CPU
		{05668D51-7D48-47A3-9FB3-605C6AF3CC05}.AppStore|Any CPU.Build.0 = Release|Any CPU
		{05668D51-7D48-47A3-9FB3-605C6AF3CC05}.AppStore|ARM.ActiveCfg = Release|Any CPU
		{05668D51-7D48-47A3-9FB3-605C6AF3CC05}.AppStore|ARM.Build.0 = Release|Any CPU
		{05668D51-7D48-47A3-9FB3-605C6AF3CC05}.AppStore|iPhone.ActiveCfg = Release|Any CPU
		{05668D51-7D48-47A3-9FB3-605C6AF3CC05}.AppStore|iPhone.Build.0 = Release|Any CPU
		{05668D51-7D48-47A3-9FB3-605C6AF3CC05}.AppStore|iPhoneSimulator.ActiveCfg = Release|Any CPU
		{05668D51-7D48-47A3-9FB3-605C6AF3CC05}.AppStore|iPhoneSimulator.Build.0 = Release|Any CPU
		{05668D51-7D48-47A3-9FB3-605C6AF3CC05}.AppStore|x64.ActiveCfg = Release|Any CPU
		{05668D51-7D48-47A3-9FB3-605C6AF3CC05}.AppStore|x64.Build.0 = Release|Any CPU
		{05668D51-7D48-47A3-9FB3-605C6AF3CC05}.AppStore|x86.ActiveCfg = Release|Any CPU
		{05668D51-7D48-47A3-9FB3-605C6AF3CC05}.AppStore|x86.Build.0 = Release|Any CPU
		{05668D51-7D48-47A3-9FB3-605C6AF3CC05}.Debug|Any CPU.ActiveCfg = Debug|Any CPU
		{05668D51-7D48-47A3-9FB3-605C6AF3CC05}.Debug|Any CPU.Build.0 = Debug|Any CPU
		{05668D51-7D48-47A3-9FB3-605C6AF3CC05}.Debug|ARM.ActiveCfg = Debug|Any CPU
		{05668D51-7D48-47A3-9FB3-605C6AF3CC05}.Debug|ARM.Build.0 = Debug|Any CPU
		{05668D51-7D48-47A3-9FB3-605C6AF3CC05}.Debug|iPhone.ActiveCfg = Debug|Any CPU
		{05668D51-7D48-47A3-9FB3-605C6AF3CC05}.Debug|iPhone.Build.0 = Debug|Any CPU
		{05668D51-7D48-47A3-9FB3-605C6AF3CC05}.Debug|iPhoneSimulator.ActiveCfg = Debug|Any CPU
		{05668D51-7D48-47A3-9FB3-605C6AF3CC05}.Debug|iPhoneSimulator.Build.0 = Debug|Any CPU
		{05668D51-7D48-47A3-9FB3-605C6AF3CC05}.Debug|x64.ActiveCfg = Debug|Any CPU
		{05668D51-7D48-47A3-9FB3-605C6AF3CC05}.Debug|x64.Build.0 = Debug|Any CPU
		{05668D51-7D48-47A3-9FB3-605C6AF3CC05}.Debug|x86.ActiveCfg = Debug|Any CPU
		{05668D51-7D48-47A3-9FB3-605C6AF3CC05}.Debug|x86.Build.0 = Debug|Any CPU
		{05668D51-7D48-47A3-9FB3-605C6AF3CC05}.Release|Any CPU.ActiveCfg = Release|Any CPU
		{05668D51-7D48-47A3-9FB3-605C6AF3CC05}.Release|Any CPU.Build.0 = Release|Any CPU
		{05668D51-7D48-47A3-9FB3-605C6AF3CC05}.Release|ARM.ActiveCfg = Release|Any CPU
		{05668D51-7D48-47A3-9FB3-605C6AF3CC05}.Release|ARM.Build.0 = Release|Any CPU
		{05668D51-7D48-47A3-9FB3-605C6AF3CC05}.Release|iPhone.ActiveCfg = Release|Any CPU
		{05668D51-7D48-47A3-9FB3-605C6AF3CC05}.Release|iPhone.Build.0 = Release|Any CPU
		{05668D51-7D48-47A3-9FB3-605C6AF3CC05}.Release|iPhoneSimulator.ActiveCfg = Release|Any CPU
		{05668D51-7D48-47A3-9FB3-605C6AF3CC05}.Release|iPhoneSimulator.Build.0 = Release|Any CPU
		{05668D51-7D48-47A3-9FB3-605C6AF3CC05}.Release|x64.ActiveCfg = Release|Any CPU
		{05668D51-7D48-47A3-9FB3-605C6AF3CC05}.Release|x64.Build.0 = Release|Any CPU
		{05668D51-7D48-47A3-9FB3-605C6AF3CC05}.Release|x86.ActiveCfg = Release|Any CPU
		{05668D51-7D48-47A3-9FB3-605C6AF3CC05}.Release|x86.Build.0 = Release|Any CPU
		{4EB5AA84-D5BB-468C-98EB-72B9ABE2CDA3}.Ad-Hoc|Any CPU.ActiveCfg = Release|x86
		{4EB5AA84-D5BB-468C-98EB-72B9ABE2CDA3}.Ad-Hoc|Any CPU.Build.0 = Release|x86
		{4EB5AA84-D5BB-468C-98EB-72B9ABE2CDA3}.Ad-Hoc|Any CPU.Deploy.0 = Release|x86
		{4EB5AA84-D5BB-468C-98EB-72B9ABE2CDA3}.Ad-Hoc|ARM.ActiveCfg = Release|ARM
		{4EB5AA84-D5BB-468C-98EB-72B9ABE2CDA3}.Ad-Hoc|ARM.Build.0 = Release|ARM
		{4EB5AA84-D5BB-468C-98EB-72B9ABE2CDA3}.Ad-Hoc|ARM.Deploy.0 = Release|ARM
		{4EB5AA84-D5BB-468C-98EB-72B9ABE2CDA3}.Ad-Hoc|iPhone.ActiveCfg = Release|x86
		{4EB5AA84-D5BB-468C-98EB-72B9ABE2CDA3}.Ad-Hoc|iPhone.Build.0 = Release|x86
		{4EB5AA84-D5BB-468C-98EB-72B9ABE2CDA3}.Ad-Hoc|iPhone.Deploy.0 = Release|x86
		{4EB5AA84-D5BB-468C-98EB-72B9ABE2CDA3}.Ad-Hoc|iPhoneSimulator.ActiveCfg = Release|x86
		{4EB5AA84-D5BB-468C-98EB-72B9ABE2CDA3}.Ad-Hoc|iPhoneSimulator.Build.0 = Release|x86
		{4EB5AA84-D5BB-468C-98EB-72B9ABE2CDA3}.Ad-Hoc|iPhoneSimulator.Deploy.0 = Release|x86
		{4EB5AA84-D5BB-468C-98EB-72B9ABE2CDA3}.Ad-Hoc|x64.ActiveCfg = Release|x64
		{4EB5AA84-D5BB-468C-98EB-72B9ABE2CDA3}.Ad-Hoc|x64.Build.0 = Release|x64
		{4EB5AA84-D5BB-468C-98EB-72B9ABE2CDA3}.Ad-Hoc|x64.Deploy.0 = Release|x64
		{4EB5AA84-D5BB-468C-98EB-72B9ABE2CDA3}.Ad-Hoc|x86.ActiveCfg = Release|x86
		{4EB5AA84-D5BB-468C-98EB-72B9ABE2CDA3}.Ad-Hoc|x86.Build.0 = Release|x86
		{4EB5AA84-D5BB-468C-98EB-72B9ABE2CDA3}.Ad-Hoc|x86.Deploy.0 = Release|x86
		{4EB5AA84-D5BB-468C-98EB-72B9ABE2CDA3}.AppStore|Any CPU.ActiveCfg = Release|x86
		{4EB5AA84-D5BB-468C-98EB-72B9ABE2CDA3}.AppStore|Any CPU.Build.0 = Release|x86
		{4EB5AA84-D5BB-468C-98EB-72B9ABE2CDA3}.AppStore|Any CPU.Deploy.0 = Release|x86
		{4EB5AA84-D5BB-468C-98EB-72B9ABE2CDA3}.AppStore|ARM.ActiveCfg = Release|ARM
		{4EB5AA84-D5BB-468C-98EB-72B9ABE2CDA3}.AppStore|ARM.Build.0 = Release|ARM
		{4EB5AA84-D5BB-468C-98EB-72B9ABE2CDA3}.AppStore|ARM.Deploy.0 = Release|ARM
		{4EB5AA84-D5BB-468C-98EB-72B9ABE2CDA3}.AppStore|iPhone.ActiveCfg = Release|x86
		{4EB5AA84-D5BB-468C-98EB-72B9ABE2CDA3}.AppStore|iPhone.Build.0 = Release|x86
		{4EB5AA84-D5BB-468C-98EB-72B9ABE2CDA3}.AppStore|iPhone.Deploy.0 = Release|x86
		{4EB5AA84-D5BB-468C-98EB-72B9ABE2CDA3}.AppStore|iPhoneSimulator.ActiveCfg = Release|x86
		{4EB5AA84-D5BB-468C-98EB-72B9ABE2CDA3}.AppStore|iPhoneSimulator.Build.0 = Release|x86
		{4EB5AA84-D5BB-468C-98EB-72B9ABE2CDA3}.AppStore|iPhoneSimulator.Deploy.0 = Release|x86
		{4EB5AA84-D5BB-468C-98EB-72B9ABE2CDA3}.AppStore|x64.ActiveCfg = Release|x64
		{4EB5AA84-D5BB-468C-98EB-72B9ABE2CDA3}.AppStore|x64.Build.0 = Release|x64
		{4EB5AA84-D5BB-468C-98EB-72B9ABE2CDA3}.AppStore|x64.Deploy.0 = Release|x64
		{4EB5AA84-D5BB-468C-98EB-72B9ABE2CDA3}.AppStore|x86.ActiveCfg = Release|x86
		{4EB5AA84-D5BB-468C-98EB-72B9ABE2CDA3}.AppStore|x86.Build.0 = Release|x86
		{4EB5AA84-D5BB-468C-98EB-72B9ABE2CDA3}.AppStore|x86.Deploy.0 = Release|x86
		{4EB5AA84-D5BB-468C-98EB-72B9ABE2CDA3}.Debug|Any CPU.ActiveCfg = Debug|x86
		{4EB5AA84-D5BB-468C-98EB-72B9ABE2CDA3}.Debug|ARM.ActiveCfg = Debug|ARM
		{4EB5AA84-D5BB-468C-98EB-72B9ABE2CDA3}.Debug|ARM.Build.0 = Debug|ARM
		{4EB5AA84-D5BB-468C-98EB-72B9ABE2CDA3}.Debug|ARM.Deploy.0 = Debug|ARM
		{4EB5AA84-D5BB-468C-98EB-72B9ABE2CDA3}.Debug|iPhone.ActiveCfg = Debug|x86
		{4EB5AA84-D5BB-468C-98EB-72B9ABE2CDA3}.Debug|iPhoneSimulator.ActiveCfg = Debug|x86
		{4EB5AA84-D5BB-468C-98EB-72B9ABE2CDA3}.Debug|x64.ActiveCfg = Debug|x64
		{4EB5AA84-D5BB-468C-98EB-72B9ABE2CDA3}.Debug|x64.Build.0 = Debug|x64
		{4EB5AA84-D5BB-468C-98EB-72B9ABE2CDA3}.Debug|x64.Deploy.0 = Debug|x64
		{4EB5AA84-D5BB-468C-98EB-72B9ABE2CDA3}.Debug|x86.ActiveCfg = Debug|x86
		{4EB5AA84-D5BB-468C-98EB-72B9ABE2CDA3}.Debug|x86.Build.0 = Debug|x86
		{4EB5AA84-D5BB-468C-98EB-72B9ABE2CDA3}.Debug|x86.Deploy.0 = Debug|x86
		{4EB5AA84-D5BB-468C-98EB-72B9ABE2CDA3}.Release|Any CPU.ActiveCfg = Release|x86
		{4EB5AA84-D5BB-468C-98EB-72B9ABE2CDA3}.Release|ARM.ActiveCfg = Release|ARM
		{4EB5AA84-D5BB-468C-98EB-72B9ABE2CDA3}.Release|ARM.Build.0 = Release|ARM
		{4EB5AA84-D5BB-468C-98EB-72B9ABE2CDA3}.Release|ARM.Deploy.0 = Release|ARM
		{4EB5AA84-D5BB-468C-98EB-72B9ABE2CDA3}.Release|iPhone.ActiveCfg = Release|x86
		{4EB5AA84-D5BB-468C-98EB-72B9ABE2CDA3}.Release|iPhoneSimulator.ActiveCfg = Release|x86
		{4EB5AA84-D5BB-468C-98EB-72B9ABE2CDA3}.Release|x64.ActiveCfg = Release|x64
		{4EB5AA84-D5BB-468C-98EB-72B9ABE2CDA3}.Release|x64.Build.0 = Release|x64
		{4EB5AA84-D5BB-468C-98EB-72B9ABE2CDA3}.Release|x64.Deploy.0 = Release|x64
		{4EB5AA84-D5BB-468C-98EB-72B9ABE2CDA3}.Release|x86.ActiveCfg = Release|x86
		{4EB5AA84-D5BB-468C-98EB-72B9ABE2CDA3}.Release|x86.Build.0 = Release|x86
		{4EB5AA84-D5BB-468C-98EB-72B9ABE2CDA3}.Release|x86.Deploy.0 = Release|x86
		{1D3C8351-3A32-4E2E-A3F3-D785E7CB5EF0}.Ad-Hoc|Any CPU.ActiveCfg = Ad-Hoc|iPhone
		{1D3C8351-3A32-4E2E-A3F3-D785E7CB5EF0}.Ad-Hoc|ARM.ActiveCfg = Ad-Hoc|iPhone
		{1D3C8351-3A32-4E2E-A3F3-D785E7CB5EF0}.Ad-Hoc|iPhone.ActiveCfg = Ad-Hoc|iPhone
		{1D3C8351-3A32-4E2E-A3F3-D785E7CB5EF0}.Ad-Hoc|iPhone.Build.0 = Ad-Hoc|iPhone
		{1D3C8351-3A32-4E2E-A3F3-D785E7CB5EF0}.Ad-Hoc|iPhoneSimulator.ActiveCfg = Ad-Hoc|iPhoneSimulator
		{1D3C8351-3A32-4E2E-A3F3-D785E7CB5EF0}.Ad-Hoc|iPhoneSimulator.Build.0 = Ad-Hoc|iPhoneSimulator
		{1D3C8351-3A32-4E2E-A3F3-D785E7CB5EF0}.Ad-Hoc|x64.ActiveCfg = Ad-Hoc|iPhone
		{1D3C8351-3A32-4E2E-A3F3-D785E7CB5EF0}.Ad-Hoc|x86.ActiveCfg = Ad-Hoc|iPhone
		{1D3C8351-3A32-4E2E-A3F3-D785E7CB5EF0}.AppStore|Any CPU.ActiveCfg = AppStore|iPhone
		{1D3C8351-3A32-4E2E-A3F3-D785E7CB5EF0}.AppStore|ARM.ActiveCfg = AppStore|iPhone
		{1D3C8351-3A32-4E2E-A3F3-D785E7CB5EF0}.AppStore|iPhone.ActiveCfg = AppStore|iPhone
		{1D3C8351-3A32-4E2E-A3F3-D785E7CB5EF0}.AppStore|iPhone.Build.0 = AppStore|iPhone
		{1D3C8351-3A32-4E2E-A3F3-D785E7CB5EF0}.AppStore|iPhoneSimulator.ActiveCfg = AppStore|iPhoneSimulator
		{1D3C8351-3A32-4E2E-A3F3-D785E7CB5EF0}.AppStore|iPhoneSimulator.Build.0 = AppStore|iPhoneSimulator
		{1D3C8351-3A32-4E2E-A3F3-D785E7CB5EF0}.AppStore|x64.ActiveCfg = AppStore|iPhone
		{1D3C8351-3A32-4E2E-A3F3-D785E7CB5EF0}.AppStore|x86.ActiveCfg = AppStore|iPhone
		{1D3C8351-3A32-4E2E-A3F3-D785E7CB5EF0}.Debug|Any CPU.ActiveCfg = Debug|iPhone
		{1D3C8351-3A32-4E2E-A3F3-D785E7CB5EF0}.Debug|ARM.ActiveCfg = Debug|iPhone
		{1D3C8351-3A32-4E2E-A3F3-D785E7CB5EF0}.Debug|iPhone.ActiveCfg = Debug|iPhone
		{1D3C8351-3A32-4E2E-A3F3-D785E7CB5EF0}.Debug|iPhone.Build.0 = Debug|iPhone
		{1D3C8351-3A32-4E2E-A3F3-D785E7CB5EF0}.Debug|iPhoneSimulator.ActiveCfg = Debug|iPhoneSimulator
		{1D3C8351-3A32-4E2E-A3F3-D785E7CB5EF0}.Debug|iPhoneSimulator.Build.0 = Debug|iPhoneSimulator
		{1D3C8351-3A32-4E2E-A3F3-D785E7CB5EF0}.Debug|x64.ActiveCfg = Debug|iPhone
		{1D3C8351-3A32-4E2E-A3F3-D785E7CB5EF0}.Debug|x86.ActiveCfg = Debug|iPhone
		{1D3C8351-3A32-4E2E-A3F3-D785E7CB5EF0}.Release|Any CPU.ActiveCfg = Release|iPhone
		{1D3C8351-3A32-4E2E-A3F3-D785E7CB5EF0}.Release|ARM.ActiveCfg = Release|iPhone
		{1D3C8351-3A32-4E2E-A3F3-D785E7CB5EF0}.Release|iPhone.ActiveCfg = Release|iPhone
		{1D3C8351-3A32-4E2E-A3F3-D785E7CB5EF0}.Release|iPhone.Build.0 = Release|iPhone
		{1D3C8351-3A32-4E2E-A3F3-D785E7CB5EF0}.Release|iPhoneSimulator.ActiveCfg = Release|iPhoneSimulator
		{1D3C8351-3A32-4E2E-A3F3-D785E7CB5EF0}.Release|iPhoneSimulator.Build.0 = Release|iPhoneSimulator
		{1D3C8351-3A32-4E2E-A3F3-D785E7CB5EF0}.Release|x64.ActiveCfg = Release|iPhone
		{1D3C8351-3A32-4E2E-A3F3-D785E7CB5EF0}.Release|x86.ActiveCfg = Release|iPhone
	EndGlobalSection
	GlobalSection(SolutionProperties) = preSolution
		HideSolutionNode = FALSE
	EndGlobalSection
EndGlobal
